{
    "_meta": {
        "hash": {
            "sha256": "2916f5657b325e5faba862d67cffa09f19ff5e56554e5193865b00019fd8c798"
        },
        "pipfile-spec": 6,
        "requires": {
            "python_version": "3.7"
        },
        "sources": [
            {
                "name": "pypi",
                "url": "https://pypi.org/simple",
                "verify_ssl": true
            }
        ]
    },
    "default": {
        "aniso8601": {
            "hashes": [
                "sha256:03c0ffeeb04edeca1ed59684cc6836dc377f58e52e315dc7be3af879909889f4",
                "sha256:ac30cceff24aec920c37b8d74d7d8a5dd37b1f62a90b4f268a6234cabe147080"
            ],
            "version": "==4.1.0"
        },
        "cefpython3": {
            "hashes": [
                "sha256:3ff46d8a1aadc1498e60eb451c4ec943aa0f66574617556cc977ed918abab76d",
                "sha256:8e3b5491b6bffa000af56339db00d478912dc73bdb3714ed9cd3352ca6d1fbc4",
                "sha256:9b8018c3b5aee260c755e0e0691be04f60ed10389e7eeea44f40ba9a3b0b410e",
                "sha256:b0a23d5a04605e817c1b9f2135c6702f015e748f55b9ad47f7314232b31e12e2",
                "sha256:b643f94d4fcf88bcea49a205ea9ff3f206b1422d5e0ce9fa5b193971c5a0e52b"
            ],
            "index": "pypi",
            "version": "==66.0"
        },
        "certifi": {
            "hashes": [
                "sha256:47f9c83ef4c0c621eaef743f133f09fa8a74a9b75f037e8624f83bd1b6626cb7",
                "sha256:993f830721089fef441cdfeb4b2c8c9df86f0c63239f06bd025a76a7daddb033"
            ],
            "version": "==2018.11.29"
        },
        "chardet": {
            "hashes": [
                "sha256:84ab92ed1c4d4f16916e05906b6b75a6c0fb5db821cc65e70cbd64a3e2a5eaae",
                "sha256:fc323ffcaeaed0e0a02bf4d117757b98aed530d9ed4531e3e15460124c106691"
            ],
            "version": "==3.0.4"
        },
        "click": {
            "hashes": [
                "sha256:2335065e6395b9e67ca716de5f7526736bfa6ceead690adf616d925bdc622b13",
                "sha256:5b94b49521f6456670fdb30cd82a4eca9412788a93fa6dd6df72c94d5a8ff2d7"
            ],
            "version": "==7.0"
        },
        "colorhash": {
            "hashes": [
                "sha256:5eeb6b490cbbf3545f50d39cf46993a1335b392b339cec6053f857e2785f83d8",
                "sha256:e0f925c3d82d5ed6e5fe8039492325263b5b75490bddf38e24a221467c3ee764",
                "sha256:f5a0019b7364fb12b0ed52e3fe05f69fe8c2d77622e6abf2f869e711308e14e1"
            ],
            "version": "==1.0.2"
        },
        "configparser": {
            "hashes": [
                "sha256:5bd5fa2a491dc3cfe920a3f2a107510d65eceae10e9c6e547b90261a4710df32",
                "sha256:c114ff90ee2e762db972fa205f02491b1f5cf3ff950decd8542c62970c9bedac",
                "sha256:df28e045fbff307a28795b18df6ac8662be3219435560ddb068c283afab1ea7a"
            ],
            "version": "==3.7.1"
        },
        "decorator": {
            "hashes": [
                "sha256:33cd704aea07b4c28b3eb2c97d288a06918275dac0ecebdaf1bc8a48d98adb9e",
                "sha256:cabb249f4710888a2fc0e13e9a16c343d932033718ff62e1e9bc93a9d3a9122b"
            ],
            "version": "==4.3.2"
        },
        "flask": {
            "hashes": [
                "sha256:2271c0070dbcb5275fad4a82e29f23ab92682dc45f9dfbc22c02ba9b9322ce48",
                "sha256:a080b744b7e345ccfcbc77954861cb05b3c63786e93f2b3875e0913d44b43f05"
            ],
            "index": "pypi",
            "version": "==1.0.2"
        },
        "flask-monitoringdashboard": {
            "hashes": [
                "sha256:9a6452d103a262973c9813c9c4ea16d311d1179fcbe18e699edf05ae9cf28e97"
            ],
            "index": "pypi",
            "version": "==2.0.7"
        },
        "flask-paginate": {
            "hashes": [
                "sha256:ebc896bf6e8d7a414e3efba0bd0770a8f73dcd7023f99e849c64164287e36e9b"
            ],
            "version": "==0.5.2"
        },
        "flask-restplus": {
            "hashes": [
                "sha256:3fad697e1d91dfc13c078abcb86003f438a751c5a4ff41b84c9050199d2eab62",
                "sha256:cdc27b5be63f12968a7f762eaa355e68228b0c904b4c96040a314ba7dc6d0e69"
            ],
            "index": "pypi",
            "version": "==0.12.1"
        },
        "flask-wtf": {
            "hashes": [
                "sha256:5d14d55cfd35f613d99ee7cba0fc3fbbe63ba02f544d349158c14ca15561cc36",
                "sha256:d9a9e366b32dcbb98ef17228e76be15702cd2600675668bca23f63a7947fd5ac"
            ],
            "version": "==0.14.2"
        },
        "idna": {
            "hashes": [
                "sha256:c357b3f628cf53ae2c4c05627ecc484553142ca23264e593d327bcde5e9c3407",
                "sha256:ea8b7f6188e6fa117537c3df7da9fc686d485087abf6ac197f9c46432f7e4a3c"
            ],
            "version": "==2.8"
        },
        "ipython-genutils": {
            "hashes": [
                "sha256:72dd37233799e619666c9f639a9da83c34013a73e8bbc79a7a6348d93c61fab8",
                "sha256:eb2e116e75ecef9d4d228fdc66af54269afa26ab4463042e33785b887c628ba8"
            ],
            "version": "==0.2.0"
        },
        "itsdangerous": {
            "hashes": [
                "sha256:321b033d07f2a4136d3ec762eac9f16a10ccd60f53c0c91af90217ace7ba1f19",
                "sha256:b12271b2047cb23eeb98c8b5622e2e5c5e9abd9784a153e9d8ef9cb4dd09d749"
            ],
            "version": "==1.1.0"
        },
        "jinja2": {
            "hashes": [
                "sha256:74c935a1b8bb9a3947c50a54766a969d4846290e1e788ea44c1392163723c3bd",
                "sha256:f84be1bb0040caca4cea721fcbbbbd61f9be9464ca236387158b0feea01914a4"
            ],
            "version": "==2.10"
        },
        "jsonschema": {
            "hashes": [
                "sha256:000e68abd33c972a5248544925a0cae7d1125f9bf6c58280d37546b946769a08",
                "sha256:6ff5f3180870836cae40f06fa10419f557208175f13ad7bc26caa77beb1f6e02"
            ],
            "version": "==2.6.0"
        },
        "jupyter-core": {
            "hashes": [
                "sha256:927d713ffa616ea11972534411544589976b2493fc7e09ad946e010aa7eb9970",
                "sha256:ba70754aa680300306c699790128f6fbd8c306ee5927976cbe48adacf240c0b7"
            ],
            "version": "==4.4.0"
        },
        "markupsafe": {
            "hashes": [
                "sha256:048ef924c1623740e70204aa7143ec592504045ae4429b59c30054cb31e3c432",
                "sha256:130f844e7f5bdd8e9f3f42e7102ef1d49b2e6fdf0d7526df3f87281a532d8c8b",
                "sha256:19f637c2ac5ae9da8bfd98cef74d64b7e1bb8a63038a3505cd182c3fac5eb4d9",
                "sha256:1b8a7a87ad1b92bd887568ce54b23565f3fd7018c4180136e1cf412b405a47af",
                "sha256:1c25694ca680b6919de53a4bb3bdd0602beafc63ff001fea2f2fc16ec3a11834",
                "sha256:1f19ef5d3908110e1e891deefb5586aae1b49a7440db952454b4e281b41620cd",
                "sha256:1fa6058938190ebe8290e5cae6c351e14e7bb44505c4a7624555ce57fbbeba0d",
                "sha256:31cbb1359e8c25f9f48e156e59e2eaad51cd5242c05ed18a8de6dbe85184e4b7",
                "sha256:3e835d8841ae7863f64e40e19477f7eb398674da6a47f09871673742531e6f4b",
                "sha256:4e97332c9ce444b0c2c38dd22ddc61c743eb208d916e4265a2a3b575bdccb1d3",
                "sha256:525396ee324ee2da82919f2ee9c9e73b012f23e7640131dd1b53a90206a0f09c",
                "sha256:52b07fbc32032c21ad4ab060fec137b76eb804c4b9a1c7c7dc562549306afad2",
                "sha256:52ccb45e77a1085ec5461cde794e1aa037df79f473cbc69b974e73940655c8d7",
                "sha256:5c3fbebd7de20ce93103cb3183b47671f2885307df4a17a0ad56a1dd51273d36",
                "sha256:5e5851969aea17660e55f6a3be00037a25b96a9b44d2083651812c99d53b14d1",
                "sha256:5edfa27b2d3eefa2210fb2f5d539fbed81722b49f083b2c6566455eb7422fd7e",
                "sha256:7d263e5770efddf465a9e31b78362d84d015cc894ca2c131901a4445eaa61ee1",
                "sha256:83381342bfc22b3c8c06f2dd93a505413888694302de25add756254beee8449c",
                "sha256:857eebb2c1dc60e4219ec8e98dfa19553dae33608237e107db9c6078b1167856",
                "sha256:98e439297f78fca3a6169fd330fbe88d78b3bb72f967ad9961bcac0d7fdd1550",
                "sha256:bf54103892a83c64db58125b3f2a43df6d2cb2d28889f14c78519394feb41492",
                "sha256:d9ac82be533394d341b41d78aca7ed0e0f4ba5a2231602e2f05aa87f25c51672",
                "sha256:e982fe07ede9fada6ff6705af70514a52beb1b2c3d25d4e873e82114cf3c5401",
                "sha256:edce2ea7f3dfc981c4ddc97add8a61381d9642dc3273737e756517cc03e84dd6",
                "sha256:efdc45ef1afc238db84cb4963aa689c0408912a0239b0721cb172b4016eb31d6",
                "sha256:f137c02498f8b935892d5c0172560d7ab54bc45039de8805075e19079c639a9c",
                "sha256:f82e347a72f955b7017a39708a3667f106e6ad4d10b25f237396a7115d8ed5fd",
                "sha256:fb7c206e01ad85ce57feeaaa0bf784b97fa3cad0d4a5737bc5295785f5c613a1"
            ],
            "version": "==1.1.0"
        },
        "nbformat": {
            "hashes": [
                "sha256:b9a0dbdbd45bb034f4f8893cafd6f652ea08c8c1674ba83f2dc55d3955743b0b",
                "sha256:f7494ef0df60766b7cabe0a3651556345a963b74dbc16bc7c18479041170d402"
            ],
            "version": "==4.4.0"
        },
        "numpy": {
            "hashes": [
                "sha256:0cdbbaa30ae69281b18dd995d3079c4e552ad6d5426977f66b9a2a95f11f552a",
                "sha256:2b0cca1049bd39d1879fa4d598624cafe82d35529c72de1b3d528d68031cdd95",
                "sha256:31d3fe5b673e99d33d70cfee2ea8fe8dccd60f265c3ed990873a88647e3dd288",
                "sha256:34dd4922aab246c39bf5df03ca653d6265e65971deca6784c956bf356bca6197",
                "sha256:384e2dfa03da7c8d54f8f934f61b6a5e4e1ebb56a65b287567629d6c14578003",
                "sha256:392e2ea22b41a22c0289a88053204b616181288162ba78e6823e1760309d5277",
                "sha256:4341a39fc085f31a583be505eabf00e17c619b469fef78dc7e8241385bfddaa4",
                "sha256:45080f065dcaa573ebecbfe13cdd86e8c0a68c4e999aa06bd365374ea7137706",
                "sha256:485cb1eb4c9962f4cd042fed9424482ec1d83fee5dc2ef3f2552ac47852cb259",
                "sha256:575cefd28d3e0da85b0864506ae26b06483ee4a906e308be5a7ad11083f9d757",
                "sha256:62784b35df7de7ca4d0d81c5b6af5983f48c5cdef32fc3635b445674e56e3266",
                "sha256:69c152f7c11bf3b4fc11bc4cc62eb0334371c0db6844ebace43b7c815b602805",
                "sha256:6ccfdcefd287f252cf1ea7a3f1656070da330c4a5658e43ad223269165cdf977",
                "sha256:7298fbd73c0b3eff1d53dc9b9bdb7add8797bb55eeee38c8ccd7906755ba28af",
                "sha256:79463d918d1bf3aeb9186e3df17ddb0baca443f41371df422f99ee94f4f2bbfe",
                "sha256:8bbee788d82c0ac656536de70e817af09b7694f5326b0ef08e5c1014fcb96bb3",
                "sha256:a863957192855c4c57f60a75a1ac06ce5362ad18506d362dd807e194b4baf3ce",
                "sha256:ae602ba425fb2b074e16d125cdce4f0194903da935b2e7fe284ebecca6d92e76",
                "sha256:b13faa258b20fa66d29011f99fdf498641ca74a0a6d9266bc27d83c70fea4a6a",
                "sha256:c2c39d69266621dd7464e2bb740d6eb5abc64ddc339cc97aa669f3bb4d75c103",
                "sha256:e9c88f173d31909d881a60f08a8494e63f1aff2a4052476b24d4f50e82c47e24",
                "sha256:f1a29267ac29fff0913de0f11f3a9edfcd3f39595f467026c29376fad243ebe3",
                "sha256:f69dde0c5a137d887676a8129373e44366055cf19d1b434e853310c7a1e68f93"
            ],
            "version": "==1.16.1"
        },
        "plotly": {
            "hashes": [
                "sha256:f7305816a423fd899da20919282445703118aeece19a54fb97be4cbf302341f8"
            ],
            "version": "==2.7.0"
        },
        "psutil": {
            "hashes": [
                "sha256:04d2071100aaad59f9bcbb801be2125d53b2e03b1517d9fed90b45eea51d297e",
                "sha256:1aba93430050270750d046a179c5f3d6e1f5f8b96c20399ba38c596b28fc4d37",
                "sha256:3ac48568f5b85fee44cd8002a15a7733deca056a191d313dbf24c11519c0c4a8",
                "sha256:96f3fdb4ef7467854d46ad5a7e28eb4c6dc6d455d751ddf9640cd6d52bdb03d7",
                "sha256:b755be689d6fc8ebc401e1d5ce5bac867e35788f10229e166338484eead51b12",
                "sha256:c8ee08ad1b716911c86f12dc753eb1879006224fd51509f077987bb6493be615",
                "sha256:d0c4230d60376aee0757d934020b14899f6020cd70ef8d2cb4f228b6ffc43e8f",
                "sha256:d23f7025bac9b3e38adc6bd032cdaac648ac0074d18e36950a04af35458342e8",
                "sha256:f0fcb7d3006dd4d9ccf3ccd0595d44c6abbfd433ec31b6ca177300ee3f19e54e"
            ],
            "version": "==5.5.0"
        },
        "pyjwt": {
            "hashes": [
                "sha256:5c6eca3c2940464d106b99ba83b00c6add741c9becaec087fb7ccdefea71350e",
                "sha256:8d59a976fb773f3e6a39c85636357c4f0e242707394cadadd9814f5cbaa20e96"
            ],
            "version": "==1.7.1"
        },
        "pytz": {
            "hashes": [
                "sha256:32b0891edff07e28efe91284ed9c31e123d84bea3fd98e1f72be2508f43ef8d9",
                "sha256:d5f05e487007e29e03409f9398d074e158d920d36eb82eaf66fb1136b0c5374c"
            ],
            "version": "==2018.9"
        },
        "requests": {
            "hashes": [
                "sha256:502a824f31acdacb3a35b6690b5fbf0bc41d63a24a45c4004352b0242707598e",
                "sha256:7bf2a778576d825600030a110f3c0e3e8edc51dfaafe1c146e39a2027784957b"
            ],
            "version": "==2.21.0"
        },
        "six": {
            "hashes": [
                "sha256:3350809f0555b11f552448330d0b52d5f24c91a322ea4a15ef22629740f3761c",
                "sha256:d16a0141ec1a18405cd4ce8b4613101da75da0e9a7aec5bdd4fa804d0e0eba73"
            ],
            "version": "==1.12.0"
        },
        "sqlalchemy": {
            "hashes": [
                "sha256:52a42dbf02d0562d6e90e7af59f177f1cc027e72833cc29c3a821eefa009c71d"
            ],
            "version": "==1.2.17"
        },
        "traitlets": {
            "hashes": [
                "sha256:9c4bd2d267b7153df9152698efb1050a5d84982d3384a37b2c1f7723ba3e7835",
                "sha256:c6cb5e6f57c5a9bdaa40fa71ce7b4af30298fbab9ece9815b5d995ab6217c7d9"
            ],
            "version": "==4.3.2"
        },
        "tzlocal": {
            "hashes": [
                "sha256:4ebeb848845ac898da6519b9b31879cf13b6626f7184c496037b818e238f2c4e"
            ],
            "version": "==1.5.1"
        },
        "urllib3": {
            "hashes": [
                "sha256:61bf29cada3fc2fbefad4fdf059ea4bd1b4a86d2b6d15e1c7c0b582b9752fe39",
                "sha256:de9529817c93f27c8ccbfead6985011db27bd0ddfcdb2d86f3f663385c6a9c22"
            ],
            "version": "==1.24.1"
        },
        "werkzeug": {
            "hashes": [
                "sha256:c3fd7a7d41976d9f44db327260e263132466836cef6f91512889ed60ad26557c",
                "sha256:d5da73735293558eb1651ee2fddc4d0dedcfa06538b8813a2e20011583c9e49b"
            ],
            "version": "==0.14.1"
        },
        "wtforms": {
            "hashes": [
                "sha256:0cdbac3e7f6878086c334aa25dc5a33869a3954e9d1e015130d65a69309b3b61",
                "sha256:e3ee092c827582c50877cdbd49e9ce6d2c5c1f6561f849b3b068c1b8029626f1"
            ],
            "version": "==2.2.1"
        },
        "yattag": {
            "hashes": [
                "sha256:94210945c868f696a31812a510c01724d61c9a4d279eb4adf340c0d2a4c0bfd7"
            ],
            "index": "pypi",
            "version": "==1.11.1"
        }
    },
    "develop": {}
}
